
Microsoft Visual Studio Solution File, Format Version 12.00
# Visual Studio Version 16
VisualStudioVersion = 16.0.30114.105
MinimumVisualStudioVersion = 10.0.40219.1
Project("{2150E333-8FDC-42A3-9474-1A3956D46DE8}") = "Test", "Test", "{EA2C9E88-BD56-4F4F-88CF-8C508E106D67}"
EndProject
Project("{FAE04EC0-301F-11D3-BF4B-00C04F79EFBC}") = "SimpleAPI.Tests", "Test\SimpleAPI.Tests\SimpleAPI.Tests.csproj", "{EC6042CE-2549-4EC3-9D2A-3AE4F306C397}"
EndProject
Project("{FAE04EC0-301F-11D3-BF4B-00C04F79EFBC}") = "SimpleAPI", "SimpleAPI\SimpleAPI.csproj", "{3B7D7B66-E116-4A5E-866D-91483645A47A}"
EndProject
Global
	GlobalSection(SolutionConfigurationPlatforms) = preSolution
		Debug|Any CPU = Debug|Any CPU
		Debug|x64 = Debug|x64
		Debug|x86 = Debug|x86
		Release|Any CPU = Release|Any CPU
		Release|x64 = Release|x64
		Release|x86 = Release|x86
	EndGlobalSection
	GlobalSection(SolutionProperties) = preSolution
		HideSolutionNode = FALSE
	EndGlobalSection
	GlobalSection(ProjectConfigurationPlatforms) = postSolution
		{EC6042CE-2549-4EC3-9D2A-3AE4F306C397}.Debug|Any CPU.ActiveCfg = Debug|Any CPU
		{EC6042CE-2549-4EC3-9D2A-3AE4F306C397}.Debug|Any CPU.Build.0 = Debug|Any CPU
		{EC6042CE-2549-4EC3-9D2A-3AE4F306C397}.Debug|x64.ActiveCfg = Debug|Any CPU
		{EC6042CE-2549-4EC3-9D2A-3AE4F306C397}.Debug|x64.Build.0 = Debug|Any CPU
		{EC6042CE-2549-4EC3-9D2A-3AE4F306C397}.Debug|x86.ActiveCfg = Debug|Any CPU
		{EC6042CE-2549-4EC3-9D2A-3AE4F306C397}.Debug|x86.Build.0 = Debug|Any CPU
		{EC6042CE-2549-4EC3-9D2A-3AE4F306C397}.Release|Any CPU.ActiveCfg = Release|Any CPU
		{EC6042CE-2549-4EC3-9D2A-3AE4F306C397}.Release|Any CPU.Build.0 = Release|Any CPU
		{EC6042CE-2549-4EC3-9D2A-3AE4F306C397}.Release|x64.ActiveCfg = Release|Any CPU
		{EC6042CE-2549-4EC3-9D2A-3AE4F306C397}.Release|x64.Build.0 = Release|Any CPU
		{EC6042CE-2549-4EC3-9D2A-3AE4F306C397}.Release|x86.ActiveCfg = Release|Any CPU
		{EC6042CE-2549-4EC3-9D2A-3AE4F306C397}.Release|x86.Build.0 = Release|Any CPU
		{3B7D7B66-E116-4A5E-866D-91483645A47A}.Debug|Any CPU.ActiveCfg = Debug|Any CPU
		{3B7D7B66-E116-4A5E-866D-91483645A47A}.Debug|Any CPU.Build.0 = Debug|Any CPU
		{3B7D7B66-E116-4A5E-866D-91483645A47A}.Debug|x64.ActiveCfg = Debug|Any CPU
		{3B7D7B66-E116-4A5E-866D-91483645A47A}.Debug|x64.Build.0 = Debug|Any CPU
		{3B7D7B66-E116-4A5E-866D-91483645A47A}.Debug|x86.ActiveCfg = Debug|Any CPU
		{3B7D7B66-E116-4A5E-866D-91483645A47A}.Debug|x86.Build.0 = Debug|Any CPU
		{3B7D7B66-E116-4A5E-866D-91483645A47A}.Release|Any CPU.ActiveCfg = Release|Any CPU
		{3B7D7B66-E116-4A5E-866D-91483645A47A}.Release|Any CPU.Build.0 = Release|Any CPU
		{3B7D7B66-E116-4A5E-866D-91483645A47A}.Release|x64.ActiveCfg = Release|Any CPU
		{3B7D7B66-E116-4A5E-866D-91483645A47A}.Release|x64.Build.0 = Release|Any CPU
		{3B7D7B66-E116-4A5E-866D-91483645A47A}.Release|x86.ActiveCfg = Release|Any CPU
		{3B7D7B66-E116-4A5E-866D-91483645A47A}.Release|x86.Build.0 = Release|Any CPU
	EndGlobalSection
	GlobalSection(NestedProjects) = preSolution
		{EC6042CE-2549-4EC3-9D2A-3AE4F306C397} = {EA2C9E88-BD56-4F4F-88CF-8C508E106D67}
	EndGlobalSection
EndGlobal
